// !$*UTF8*$!
{
	archiveVersion = 1;
	classes = {
	};
	objectVersion = 56;
	objects = {

/* Begin PBXBuildFile section */
		61D6728A4D6EA2C570704DE5 /* Pods_Spotify.framework in Frameworks */ = {isa = PBXBuildFile; fileRef = A727B6AB9110A0EE2FAE342D /* Pods_Spotify.framework */; };
		EA3B64F229AE4AA90017D031 /* SearchResultResponse.swift in Sources */ = {isa = PBXBuildFile; fileRef = EA3B64F129AE4AA90017D031 /* SearchResultResponse.swift */; };
		EA3B64F429AE4CCC0017D031 /* SearchResult.swift in Sources */ = {isa = PBXBuildFile; fileRef = EA3B64F329AE4CCC0017D031 /* SearchResult.swift */; };
		EA5D80B2299AB0A5003A3E46 /* AppDelegate.swift in Sources */ = {isa = PBXBuildFile; fileRef = EA5D80B1299AB0A5003A3E46 /* AppDelegate.swift */; };
		EA5D80B4299AB0A5003A3E46 /* SceneDelegate.swift in Sources */ = {isa = PBXBuildFile; fileRef = EA5D80B3299AB0A5003A3E46 /* SceneDelegate.swift */; };
		EA5D80B6299AB0A5003A3E46 /* HomeViewController.swift in Sources */ = {isa = PBXBuildFile; fileRef = EA5D80B5299AB0A5003A3E46 /* HomeViewController.swift */; };
		EA5D80BB299AB0A7003A3E46 /* Assets.xcassets in Resources */ = {isa = PBXBuildFile; fileRef = EA5D80BA299AB0A7003A3E46 /* Assets.xcassets */; };
		EA5D80BE299AB0A7003A3E46 /* LaunchScreen.storyboard in Resources */ = {isa = PBXBuildFile; fileRef = EA5D80BC299AB0A7003A3E46 /* LaunchScreen.storyboard */; };
		EA5D80CD299B8D83003A3E46 /* TabBarViewController.swift in Sources */ = {isa = PBXBuildFile; fileRef = EA5D80CC299B8D83003A3E46 /* TabBarViewController.swift */; };
		EA5D80CF299B8DC7003A3E46 /* SearchViewController.swift in Sources */ = {isa = PBXBuildFile; fileRef = EA5D80CE299B8DC7003A3E46 /* SearchViewController.swift */; };
		EA5D80D1299B8DE3003A3E46 /* LibraryViewController.swift in Sources */ = {isa = PBXBuildFile; fileRef = EA5D80D0299B8DE3003A3E46 /* LibraryViewController.swift */; };
		EA5D80D5299B8E34003A3E46 /* AuthViewController.swift in Sources */ = {isa = PBXBuildFile; fileRef = EA5D80D4299B8E34003A3E46 /* AuthViewController.swift */; };
		EA5D80D7299B8E4F003A3E46 /* WelcomeViewController.swift in Sources */ = {isa = PBXBuildFile; fileRef = EA5D80D6299B8E4F003A3E46 /* WelcomeViewController.swift */; };
		EA5D80D9299B8E69003A3E46 /* SettingsViewController.swift in Sources */ = {isa = PBXBuildFile; fileRef = EA5D80D8299B8E69003A3E46 /* SettingsViewController.swift */; };
		EA5D80DB299B8E83003A3E46 /* ProfileViewController.swift in Sources */ = {isa = PBXBuildFile; fileRef = EA5D80DA299B8E83003A3E46 /* ProfileViewController.swift */; };
		EA5D80DD299B8E99003A3E46 /* PlayerViewController.swift in Sources */ = {isa = PBXBuildFile; fileRef = EA5D80DC299B8E99003A3E46 /* PlayerViewController.swift */; };
		EA5D80DF299B8EB6003A3E46 /* PlaylistViewController.swift in Sources */ = {isa = PBXBuildFile; fileRef = EA5D80DE299B8EB6003A3E46 /* PlaylistViewController.swift */; };
		EA5D80E1299B8ED9003A3E46 /* SearchResultsViewController.swift in Sources */ = {isa = PBXBuildFile; fileRef = EA5D80E0299B8ED9003A3E46 /* SearchResultsViewController.swift */; };
		EA5D80E3299B8F0A003A3E46 /* AuthManager.swift in Sources */ = {isa = PBXBuildFile; fileRef = EA5D80E2299B8F0A003A3E46 /* AuthManager.swift */; };
		EA5D80E5299B8F22003A3E46 /* APICaller.swift in Sources */ = {isa = PBXBuildFile; fileRef = EA5D80E4299B8F22003A3E46 /* APICaller.swift */; };
		EA5D80E7299B8F52003A3E46 /* HapticsManager.swift in Sources */ = {isa = PBXBuildFile; fileRef = EA5D80E6299B8F52003A3E46 /* HapticsManager.swift */; };
		EA5D80E9299B8F92003A3E46 /* Playlist.swift in Sources */ = {isa = PBXBuildFile; fileRef = EA5D80E8299B8F92003A3E46 /* Playlist.swift */; };
		EA5D80EB299B8FA7003A3E46 /* AudioTrack.swift in Sources */ = {isa = PBXBuildFile; fileRef = EA5D80EA299B8FA7003A3E46 /* AudioTrack.swift */; };
		EA5D80ED299B8FBE003A3E46 /* Artist.swift in Sources */ = {isa = PBXBuildFile; fileRef = EA5D80EC299B8FBE003A3E46 /* Artist.swift */; };
		EA5D80EF299BAC97003A3E46 /* Extensions.swift in Sources */ = {isa = PBXBuildFile; fileRef = EA5D80EE299BAC97003A3E46 /* Extensions.swift */; };
		EA74129829AFF72C006FD26F /* SearchResultSubtitleTableViewCellViewModel.swift in Sources */ = {isa = PBXBuildFile; fileRef = EA74129729AFF72C006FD26F /* SearchResultSubtitleTableViewCellViewModel.swift */; };
		EA74129B29B01E5D006FD26F /* PlaybackPresenter.swift in Sources */ = {isa = PBXBuildFile; fileRef = EA74129A29B01E5D006FD26F /* PlaybackPresenter.swift */; };
		EA74129D29B0C3AE006FD26F /* PlayerControlsView.swift in Sources */ = {isa = PBXBuildFile; fileRef = EA74129C29B0C3AE006FD26F /* PlayerControlsView.swift */; };
		EAAA1F3329A7A03B000EF8A6 /* AuthResponse.swift in Sources */ = {isa = PBXBuildFile; fileRef = EAAA1F3229A7A03B000EF8A6 /* AuthResponse.swift */; };
		EAAA1F3529A8CD24000EF8A6 /* UserProfile.swift in Sources */ = {isa = PBXBuildFile; fileRef = EAAA1F3429A8CD24000EF8A6 /* UserProfile.swift */; };
		EAAA1F3729AA1574000EF8A6 /* SettingsModels.swift in Sources */ = {isa = PBXBuildFile; fileRef = EAAA1F3629AA1574000EF8A6 /* SettingsModels.swift */; };
		EAAA1F3929AA6CA3000EF8A6 /* NewReleasesResponse.swift in Sources */ = {isa = PBXBuildFile; fileRef = EAAA1F3829AA6CA3000EF8A6 /* NewReleasesResponse.swift */; };
		EAAA1F3B29AA6E76000EF8A6 /* APIImage.swift in Sources */ = {isa = PBXBuildFile; fileRef = EAAA1F3A29AA6E76000EF8A6 /* APIImage.swift */; };
		EAAA1F3D29AA72FA000EF8A6 /* FeaturedPlaylistsResponse.swift in Sources */ = {isa = PBXBuildFile; fileRef = EAAA1F3C29AA72FA000EF8A6 /* FeaturedPlaylistsResponse.swift */; };
		EAAA1F3F29AA8610000EF8A6 /* RecommendedGenresResponse.swift in Sources */ = {isa = PBXBuildFile; fileRef = EAAA1F3E29AA8610000EF8A6 /* RecommendedGenresResponse.swift */; };
		EAAA1F4129AA8B26000EF8A6 /* RecommendationsResponse.swift in Sources */ = {isa = PBXBuildFile; fileRef = EAAA1F4029AA8B26000EF8A6 /* RecommendationsResponse.swift */; };
		EAAA1F4429AAA90A000EF8A6 /* NewReleaseCollectionViewCell.swift in Sources */ = {isa = PBXBuildFile; fileRef = EAAA1F4329AAA90A000EF8A6 /* NewReleaseCollectionViewCell.swift */; };
		EAAA1F4629AAA948000EF8A6 /* FeaturedPlaylistCollectionViewCell.swift in Sources */ = {isa = PBXBuildFile; fileRef = EAAA1F4529AAA948000EF8A6 /* FeaturedPlaylistCollectionViewCell.swift */; };
		EAAA1F4829AAA969000EF8A6 /* RecommendedTrackCollectionViewCell.swift in Sources */ = {isa = PBXBuildFile; fileRef = EAAA1F4729AAA969000EF8A6 /* RecommendedTrackCollectionViewCell.swift */; };
		EAAA1F4A29AAAC28000EF8A6 /* NewReleasesCellViewModel.swift in Sources */ = {isa = PBXBuildFile; fileRef = EAAA1F4929AAAC28000EF8A6 /* NewReleasesCellViewModel.swift */; };
		EAAA1F4C29AC1DBE000EF8A6 /* FeaturedPlaylistCellViewModel.swift in Sources */ = {isa = PBXBuildFile; fileRef = EAAA1F4B29AC1DBE000EF8A6 /* FeaturedPlaylistCellViewModel.swift */; };
		EAAA1F4E29AC1E33000EF8A6 /* RecommendedTrackCellViewModel.swift in Sources */ = {isa = PBXBuildFile; fileRef = EAAA1F4D29AC1E33000EF8A6 /* RecommendedTrackCellViewModel.swift */; };
		EAAA1F5029ACE6E8000EF8A6 /* AlbumViewController.swift in Sources */ = {isa = PBXBuildFile; fileRef = EAAA1F4F29ACE6E8000EF8A6 /* AlbumViewController.swift */; };
		EAAA1F5229ACEF70000EF8A6 /* AlbumDetailsResponse.swift in Sources */ = {isa = PBXBuildFile; fileRef = EAAA1F5129ACEF70000EF8A6 /* AlbumDetailsResponse.swift */; };
		EAAA1F5429AD1428000EF8A6 /* PlaylistDetailsResponse.swift in Sources */ = {isa = PBXBuildFile; fileRef = EAAA1F5329AD1428000EF8A6 /* PlaylistDetailsResponse.swift */; };
		EAAA1F5629AD1F9B000EF8A6 /* PlaylistHeaderCollectionReusableView.swift in Sources */ = {isa = PBXBuildFile; fileRef = EAAA1F5529AD1F9B000EF8A6 /* PlaylistHeaderCollectionReusableView.swift */; };
		EAAA1F5829AD23C7000EF8A6 /* PlaylistHeaderViewViewModel.swift in Sources */ = {isa = PBXBuildFile; fileRef = EAAA1F5729AD23C7000EF8A6 /* PlaylistHeaderViewViewModel.swift */; };
		EAAA1F5A29AD3F1E000EF8A6 /* TitleHeaderCollectionReusableView.swift in Sources */ = {isa = PBXBuildFile; fileRef = EAAA1F5929AD3F1E000EF8A6 /* TitleHeaderCollectionReusableView.swift */; };
		EAAA1F5C29AD483E000EF8A6 /* AlbumTrackCollectionViewCell.swift in Sources */ = {isa = PBXBuildFile; fileRef = EAAA1F5B29AD483E000EF8A6 /* AlbumTrackCollectionViewCell.swift */; };
		EAAA1F5E29AD4A17000EF8A6 /* AlbumCollectionViewCellViewModel.swift in Sources */ = {isa = PBXBuildFile; fileRef = EAAA1F5D29AD4A17000EF8A6 /* AlbumCollectionViewCellViewModel.swift */; };
		EAAA1F6029AD5960000EF8A6 /* GenreCollectionViewCell.swift in Sources */ = {isa = PBXBuildFile; fileRef = EAAA1F5F29AD5960000EF8A6 /* GenreCollectionViewCell.swift */; };
		EAAA1F6229AD775E000EF8A6 /* AllCategoriesResponse.swift in Sources */ = {isa = PBXBuildFile; fileRef = EAAA1F6129AD775E000EF8A6 /* AllCategoriesResponse.swift */; };
		EAAA1F6429AE07C3000EF8A6 /* CategoryCollectionViewCellViewModel.swift in Sources */ = {isa = PBXBuildFile; fileRef = EAAA1F6329AE07C3000EF8A6 /* CategoryCollectionViewCellViewModel.swift */; };
		EAAA1F6629AE0A67000EF8A6 /* CategoryViewController.swift in Sources */ = {isa = PBXBuildFile; fileRef = EAAA1F6529AE0A67000EF8A6 /* CategoryViewController.swift */; };
		EAB7D7ED29AFA8040037E63F /* SearchResultDefaultTableViewCell.swift in Sources */ = {isa = PBXBuildFile; fileRef = EAB7D7EC29AFA8040037E63F /* SearchResultDefaultTableViewCell.swift */; };
		EAB7D7EF29AFAC120037E63F /* SearchResultDefaultTableViewCellViewModel.swift in Sources */ = {isa = PBXBuildFile; fileRef = EAB7D7EE29AFAC120037E63F /* SearchResultDefaultTableViewCellViewModel.swift */; };
		EAB7D7F129AFB8DD0037E63F /* SearchResultSubtitleTableViewCell.swift in Sources */ = {isa = PBXBuildFile; fileRef = EAB7D7F029AFB8DD0037E63F /* SearchResultSubtitleTableViewCell.swift */; };
		EAFBBD3529B23C8400CA32FE /* LibraryPlaylistsViewController.swift in Sources */ = {isa = PBXBuildFile; fileRef = EAFBBD3429B23C8400CA32FE /* LibraryPlaylistsViewController.swift */; };
		EAFBBD3729B23CB900CA32FE /* LibraryAlbumsViewController.swift in Sources */ = {isa = PBXBuildFile; fileRef = EAFBBD3629B23CB900CA32FE /* LibraryAlbumsViewController.swift */; };
		EAFBBD3929B24EFE00CA32FE /* LibraryToggleView.swift in Sources */ = {isa = PBXBuildFile; fileRef = EAFBBD3829B24EFE00CA32FE /* LibraryToggleView.swift */; };
		EAFBBD3B29B2776900CA32FE /* LibraryPlaylistsResponse.swift in Sources */ = {isa = PBXBuildFile; fileRef = EAFBBD3A29B2776900CA32FE /* LibraryPlaylistsResponse.swift */; };
		EAFBBD3D29B2799200CA32FE /* ActionLabelView.swift in Sources */ = {isa = PBXBuildFile; fileRef = EAFBBD3C29B2799200CA32FE /* ActionLabelView.swift */; };
		EAFBBD3F29B3D63300CA32FE /* LibraryAlbumsRepsonse.swift in Sources */ = {isa = PBXBuildFile; fileRef = EAFBBD3E29B3D63300CA32FE /* LibraryAlbumsRepsonse.swift */; };
/* End PBXBuildFile section */

/* Begin PBXFileReference section */
		2B51339E1944A7699DDC590E /* Pods-Spotify.release.xcconfig */ = {isa = PBXFileReference; includeInIndex = 1; lastKnownFileType = text.xcconfig; name = "Pods-Spotify.release.xcconfig"; path = "Target Support Files/Pods-Spotify/Pods-Spotify.release.xcconfig"; sourceTree = "<group>"; };
		8508998D9DB25B2B1322C064 /* Pods-Spotify.debug.xcconfig */ = {isa = PBXFileReference; includeInIndex = 1; lastKnownFileType = text.xcconfig; name = "Pods-Spotify.debug.xcconfig"; path = "Target Support Files/Pods-Spotify/Pods-Spotify.debug.xcconfig"; sourceTree = "<group>"; };
		A727B6AB9110A0EE2FAE342D /* Pods_Spotify.framework */ = {isa = PBXFileReference; explicitFileType = wrapper.framework; includeInIndex = 0; path = Pods_Spotify.framework; sourceTree = BUILT_PRODUCTS_DIR; };
		EA3B64F129AE4AA90017D031 /* SearchResultResponse.swift */ = {isa = PBXFileReference; lastKnownFileType = sourcecode.swift; path = SearchResultResponse.swift; sourceTree = "<group>"; };
		EA3B64F329AE4CCC0017D031 /* SearchResult.swift */ = {isa = PBXFileReference; lastKnownFileType = sourcecode.swift; path = SearchResult.swift; sourceTree = "<group>"; };
		EA5D80AE299AB0A5003A3E46 /* Spotify.app */ = {isa = PBXFileReference; explicitFileType = wrapper.application; includeInIndex = 0; path = Spotify.app; sourceTree = BUILT_PRODUCTS_DIR; };
		EA5D80B1299AB0A5003A3E46 /* AppDelegate.swift */ = {isa = PBXFileReference; lastKnownFileType = sourcecode.swift; path = AppDelegate.swift; sourceTree = "<group>"; };
		EA5D80B3299AB0A5003A3E46 /* SceneDelegate.swift */ = {isa = PBXFileReference; lastKnownFileType = sourcecode.swift; path = SceneDelegate.swift; sourceTree = "<group>"; };
		EA5D80B5299AB0A5003A3E46 /* HomeViewController.swift */ = {isa = PBXFileReference; lastKnownFileType = sourcecode.swift; path = HomeViewController.swift; sourceTree = "<group>"; };
		EA5D80BA299AB0A7003A3E46 /* Assets.xcassets */ = {isa = PBXFileReference; lastKnownFileType = folder.assetcatalog; path = Assets.xcassets; sourceTree = "<group>"; };
		EA5D80BD299AB0A7003A3E46 /* Base */ = {isa = PBXFileReference; lastKnownFileType = file.storyboard; name = Base; path = Base.lproj/LaunchScreen.storyboard; sourceTree = "<group>"; };
		EA5D80BF299AB0A7003A3E46 /* Info.plist */ = {isa = PBXFileReference; lastKnownFileType = text.plist.xml; path = Info.plist; sourceTree = "<group>"; };
		EA5D80CC299B8D83003A3E46 /* TabBarViewController.swift */ = {isa = PBXFileReference; lastKnownFileType = sourcecode.swift; path = TabBarViewController.swift; sourceTree = "<group>"; };
		EA5D80CE299B8DC7003A3E46 /* SearchViewController.swift */ = {isa = PBXFileReference; lastKnownFileType = sourcecode.swift; path = SearchViewController.swift; sourceTree = "<group>"; };
		EA5D80D0299B8DE3003A3E46 /* LibraryViewController.swift */ = {isa = PBXFileReference; lastKnownFileType = sourcecode.swift; path = LibraryViewController.swift; sourceTree = "<group>"; };
		EA5D80D4299B8E34003A3E46 /* AuthViewController.swift */ = {isa = PBXFileReference; lastKnownFileType = sourcecode.swift; path = AuthViewController.swift; sourceTree = "<group>"; };
		EA5D80D6299B8E4F003A3E46 /* WelcomeViewController.swift */ = {isa = PBXFileReference; lastKnownFileType = sourcecode.swift; path = WelcomeViewController.swift; sourceTree = "<group>"; };
		EA5D80D8299B8E69003A3E46 /* SettingsViewController.swift */ = {isa = PBXFileReference; lastKnownFileType = sourcecode.swift; path = SettingsViewController.swift; sourceTree = "<group>"; };
		EA5D80DA299B8E83003A3E46 /* ProfileViewController.swift */ = {isa = PBXFileReference; lastKnownFileType = sourcecode.swift; path = ProfileViewController.swift; sourceTree = "<group>"; };
		EA5D80DC299B8E99003A3E46 /* PlayerViewController.swift */ = {isa = PBXFileReference; lastKnownFileType = sourcecode.swift; path = PlayerViewController.swift; sourceTree = "<group>"; };
		EA5D80DE299B8EB6003A3E46 /* PlaylistViewController.swift */ = {isa = PBXFileReference; lastKnownFileType = sourcecode.swift; path = PlaylistViewController.swift; sourceTree = "<group>"; };
		EA5D80E0299B8ED9003A3E46 /* SearchResultsViewController.swift */ = {isa = PBXFileReference; lastKnownFileType = sourcecode.swift; path = SearchResultsViewController.swift; sourceTree = "<group>"; };
		EA5D80E2299B8F0A003A3E46 /* AuthManager.swift */ = {isa = PBXFileReference; lastKnownFileType = sourcecode.swift; path = AuthManager.swift; sourceTree = "<group>"; };
		EA5D80E4299B8F22003A3E46 /* APICaller.swift */ = {isa = PBXFileReference; lastKnownFileType = sourcecode.swift; path = APICaller.swift; sourceTree = "<group>"; };
		EA5D80E6299B8F52003A3E46 /* HapticsManager.swift */ = {isa = PBXFileReference; lastKnownFileType = sourcecode.swift; path = HapticsManager.swift; sourceTree = "<group>"; };
		EA5D80E8299B8F92003A3E46 /* Playlist.swift */ = {isa = PBXFileReference; lastKnownFileType = sourcecode.swift; path = Playlist.swift; sourceTree = "<group>"; };
		EA5D80EA299B8FA7003A3E46 /* AudioTrack.swift */ = {isa = PBXFileReference; lastKnownFileType = sourcecode.swift; path = AudioTrack.swift; sourceTree = "<group>"; };
		EA5D80EC299B8FBE003A3E46 /* Artist.swift */ = {isa = PBXFileReference; lastKnownFileType = sourcecode.swift; path = Artist.swift; sourceTree = "<group>"; };
		EA5D80EE299BAC97003A3E46 /* Extensions.swift */ = {isa = PBXFileReference; lastKnownFileType = sourcecode.swift; path = Extensions.swift; sourceTree = "<group>"; };
		EA74129729AFF72C006FD26F /* SearchResultSubtitleTableViewCellViewModel.swift */ = {isa = PBXFileReference; lastKnownFileType = sourcecode.swift; path = SearchResultSubtitleTableViewCellViewModel.swift; sourceTree = "<group>"; };
		EA74129A29B01E5D006FD26F /* PlaybackPresenter.swift */ = {isa = PBXFileReference; lastKnownFileType = sourcecode.swift; path = PlaybackPresenter.swift; sourceTree = "<group>"; };
		EA74129C29B0C3AE006FD26F /* PlayerControlsView.swift */ = {isa = PBXFileReference; lastKnownFileType = sourcecode.swift; path = PlayerControlsView.swift; sourceTree = "<group>"; };
		EAAA1F3229A7A03B000EF8A6 /* AuthResponse.swift */ = {isa = PBXFileReference; lastKnownFileType = sourcecode.swift; path = AuthResponse.swift; sourceTree = "<group>"; };
		EAAA1F3429A8CD24000EF8A6 /* UserProfile.swift */ = {isa = PBXFileReference; lastKnownFileType = sourcecode.swift; path = UserProfile.swift; sourceTree = "<group>"; };
		EAAA1F3629AA1574000EF8A6 /* SettingsModels.swift */ = {isa = PBXFileReference; lastKnownFileType = sourcecode.swift; path = SettingsModels.swift; sourceTree = "<group>"; };
		EAAA1F3829AA6CA3000EF8A6 /* NewReleasesResponse.swift */ = {isa = PBXFileReference; lastKnownFileType = sourcecode.swift; path = NewReleasesResponse.swift; sourceTree = "<group>"; };
		EAAA1F3A29AA6E76000EF8A6 /* APIImage.swift */ = {isa = PBXFileReference; lastKnownFileType = sourcecode.swift; path = APIImage.swift; sourceTree = "<group>"; };
		EAAA1F3C29AA72FA000EF8A6 /* FeaturedPlaylistsResponse.swift */ = {isa = PBXFileReference; lastKnownFileType = sourcecode.swift; path = FeaturedPlaylistsResponse.swift; sourceTree = "<group>"; };
		EAAA1F3E29AA8610000EF8A6 /* RecommendedGenresResponse.swift */ = {isa = PBXFileReference; lastKnownFileType = sourcecode.swift; path = RecommendedGenresResponse.swift; sourceTree = "<group>"; };
		EAAA1F4029AA8B26000EF8A6 /* RecommendationsResponse.swift */ = {isa = PBXFileReference; lastKnownFileType = sourcecode.swift; path = RecommendationsResponse.swift; sourceTree = "<group>"; };
		EAAA1F4329AAA90A000EF8A6 /* NewReleaseCollectionViewCell.swift */ = {isa = PBXFileReference; lastKnownFileType = sourcecode.swift; path = NewReleaseCollectionViewCell.swift; sourceTree = "<group>"; };
		EAAA1F4529AAA948000EF8A6 /* FeaturedPlaylistCollectionViewCell.swift */ = {isa = PBXFileReference; lastKnownFileType = sourcecode.swift; path = FeaturedPlaylistCollectionViewCell.swift; sourceTree = "<group>"; };
		EAAA1F4729AAA969000EF8A6 /* RecommendedTrackCollectionViewCell.swift */ = {isa = PBXFileReference; lastKnownFileType = sourcecode.swift; path = RecommendedTrackCollectionViewCell.swift; sourceTree = "<group>"; };
		EAAA1F4929AAAC28000EF8A6 /* NewReleasesCellViewModel.swift */ = {isa = PBXFileReference; lastKnownFileType = sourcecode.swift; path = NewReleasesCellViewModel.swift; sourceTree = "<group>"; };
		EAAA1F4B29AC1DBE000EF8A6 /* FeaturedPlaylistCellViewModel.swift */ = {isa = PBXFileReference; lastKnownFileType = sourcecode.swift; path = FeaturedPlaylistCellViewModel.swift; sourceTree = "<group>"; };
		EAAA1F4D29AC1E33000EF8A6 /* RecommendedTrackCellViewModel.swift */ = {isa = PBXFileReference; lastKnownFileType = sourcecode.swift; path = RecommendedTrackCellViewModel.swift; sourceTree = "<group>"; };
		EAAA1F4F29ACE6E8000EF8A6 /* AlbumViewController.swift */ = {isa = PBXFileReference; lastKnownFileType = sourcecode.swift; path = AlbumViewController.swift; sourceTree = "<group>"; };
		EAAA1F5129ACEF70000EF8A6 /* AlbumDetailsResponse.swift */ = {isa = PBXFileReference; lastKnownFileType = sourcecode.swift; path = AlbumDetailsResponse.swift; sourceTree = "<group>"; };
		EAAA1F5329AD1428000EF8A6 /* PlaylistDetailsResponse.swift */ = {isa = PBXFileReference; lastKnownFileType = sourcecode.swift; path = PlaylistDetailsResponse.swift; sourceTree = "<group>"; };
		EAAA1F5529AD1F9B000EF8A6 /* PlaylistHeaderCollectionReusableView.swift */ = {isa = PBXFileReference; lastKnownFileType = sourcecode.swift; path = PlaylistHeaderCollectionReusableView.swift; sourceTree = "<group>"; };
		EAAA1F5729AD23C7000EF8A6 /* PlaylistHeaderViewViewModel.swift */ = {isa = PBXFileReference; lastKnownFileType = sourcecode.swift; path = PlaylistHeaderViewViewModel.swift; sourceTree = "<group>"; };
		EAAA1F5929AD3F1E000EF8A6 /* TitleHeaderCollectionReusableView.swift */ = {isa = PBXFileReference; lastKnownFileType = sourcecode.swift; path = TitleHeaderCollectionReusableView.swift; sourceTree = "<group>"; };
		EAAA1F5B29AD483E000EF8A6 /* AlbumTrackCollectionViewCell.swift */ = {isa = PBXFileReference; lastKnownFileType = sourcecode.swift; path = AlbumTrackCollectionViewCell.swift; sourceTree = "<group>"; };
		EAAA1F5D29AD4A17000EF8A6 /* AlbumCollectionViewCellViewModel.swift */ = {isa = PBXFileReference; lastKnownFileType = sourcecode.swift; path = AlbumCollectionViewCellViewModel.swift; sourceTree = "<group>"; };
		EAAA1F5F29AD5960000EF8A6 /* GenreCollectionViewCell.swift */ = {isa = PBXFileReference; lastKnownFileType = sourcecode.swift; path = GenreCollectionViewCell.swift; sourceTree = "<group>"; };
		EAAA1F6129AD775E000EF8A6 /* AllCategoriesResponse.swift */ = {isa = PBXFileReference; lastKnownFileType = sourcecode.swift; path = AllCategoriesResponse.swift; sourceTree = "<group>"; };
		EAAA1F6329AE07C3000EF8A6 /* CategoryCollectionViewCellViewModel.swift */ = {isa = PBXFileReference; lastKnownFileType = sourcecode.swift; path = CategoryCollectionViewCellViewModel.swift; sourceTree = "<group>"; };
		EAAA1F6529AE0A67000EF8A6 /* CategoryViewController.swift */ = {isa = PBXFileReference; lastKnownFileType = sourcecode.swift; path = CategoryViewController.swift; sourceTree = "<group>"; };
		EAB7D7EC29AFA8040037E63F /* SearchResultDefaultTableViewCell.swift */ = {isa = PBXFileReference; lastKnownFileType = sourcecode.swift; path = SearchResultDefaultTableViewCell.swift; sourceTree = "<group>"; };
		EAB7D7EE29AFAC120037E63F /* SearchResultDefaultTableViewCellViewModel.swift */ = {isa = PBXFileReference; lastKnownFileType = sourcecode.swift; path = SearchResultDefaultTableViewCellViewModel.swift; sourceTree = "<group>"; };
		EAB7D7F029AFB8DD0037E63F /* SearchResultSubtitleTableViewCell.swift */ = {isa = PBXFileReference; lastKnownFileType = sourcecode.swift; path = SearchResultSubtitleTableViewCell.swift; sourceTree = "<group>"; };
		EAFBBD3429B23C8400CA32FE /* LibraryPlaylistsViewController.swift */ = {isa = PBXFileReference; lastKnownFileType = sourcecode.swift; path = LibraryPlaylistsViewController.swift; sourceTree = "<group>"; };
		EAFBBD3629B23CB900CA32FE /* LibraryAlbumsViewController.swift */ = {isa = PBXFileReference; lastKnownFileType = sourcecode.swift; path = LibraryAlbumsViewController.swift; sourceTree = "<group>"; };
		EAFBBD3829B24EFE00CA32FE /* LibraryToggleView.swift */ = {isa = PBXFileReference; lastKnownFileType = sourcecode.swift; path = LibraryToggleView.swift; sourceTree = "<group>"; };
		EAFBBD3A29B2776900CA32FE /* LibraryPlaylistsResponse.swift */ = {isa = PBXFileReference; lastKnownFileType = sourcecode.swift; name = LibraryPlaylistsResponse.swift; path = ../../../../Documents/LibraryPlaylistsResponse.swift; sourceTree = "<group>"; };
		EAFBBD3C29B2799200CA32FE /* ActionLabelView.swift */ = {isa = PBXFileReference; lastKnownFileType = sourcecode.swift; path = ActionLabelView.swift; sourceTree = "<group>"; };
		EAFBBD3E29B3D63300CA32FE /* LibraryAlbumsRepsonse.swift */ = {isa = PBXFileReference; lastKnownFileType = sourcecode.swift; path = LibraryAlbumsRepsonse.swift; sourceTree = "<group>"; };
/* End PBXFileReference section */

/* Begin PBXFrameworksBuildPhase section */
		EA5D80AB299AB0A5003A3E46 /* Frameworks */ = {
			isa = PBXFrameworksBuildPhase;
			buildActionMask = 2147483647;
			files = (
				61D6728A4D6EA2C570704DE5 /* Pods_Spotify.framework in Frameworks */,
			);
			runOnlyForDeploymentPostprocessing = 0;
		};
/* End PBXFrameworksBuildPhase section */

/* Begin PBXGroup section */
		216D0D7308707B523A425E99 /* Pods */ = {
			isa = PBXGroup;
			children = (
				8508998D9DB25B2B1322C064 /* Pods-Spotify.debug.xcconfig */,
				2B51339E1944A7699DDC590E /* Pods-Spotify.release.xcconfig */,
			);
			path = Pods;
			sourceTree = "<group>";
		};
		2DE114966A15F331F2409A80 /* Frameworks */ = {
			isa = PBXGroup;
			children = (
				A727B6AB9110A0EE2FAE342D /* Pods_Spotify.framework */,
			);
			name = Frameworks;
			sourceTree = "<group>";
		};
		EA5D80A5299AB0A5003A3E46 = {
			isa = PBXGroup;
			children = (
				EA5D80B0299AB0A5003A3E46 /* Spotify */,
				EA5D80AF299AB0A5003A3E46 /* Products */,
				216D0D7308707B523A425E99 /* Pods */,
				2DE114966A15F331F2409A80 /* Frameworks */,
			);
			sourceTree = "<group>";
		};
		EA5D80AF299AB0A5003A3E46 /* Products */ = {
			isa = PBXGroup;
			children = (
				EA5D80AE299AB0A5003A3E46 /* Spotify.app */,
			);
			name = Products;
			sourceTree = "<group>";
		};
		EA5D80B0299AB0A5003A3E46 /* Spotify */ = {
			isa = PBXGroup;
			children = (
				EA74129929B01E38006FD26F /* Presenter */,
				EA5D80CA299AB125003A3E46 /* Resources */,
				EA5D80C9299AB10D003A3E46 /* Managers */,
				EA5D80C8299AB0FD003A3E46 /* ViewModels */,
				EA5D80C7299AB0EF003A3E46 /* Models */,
				EA5D80C6299AB0E1003A3E46 /* Views */,
				EA5D80C5299AB0D5003A3E46 /* Controllers */,
				EA5D80BF299AB0A7003A3E46 /* Info.plist */,
			);
			path = Spotify;
			sourceTree = "<group>";
		};
		EA5D80C5299AB0D5003A3E46 /* Controllers */ = {
			isa = PBXGroup;
			children = (
				EA5D80D3299B8E0D003A3E46 /* Other */,
				EA5D80D2299B8DF7003A3E46 /* Core */,
			);
			path = Controllers;
			sourceTree = "<group>";
		};
		EA5D80C6299AB0E1003A3E46 /* Views */ = {
			isa = PBXGroup;
			children = (
				EAB7D7EB29AFA7BF0037E63F /* SearchResultsCells */,
				EAAA1F4229AAA8DD000EF8A6 /* Browse */,
				EA5D80BC299AB0A7003A3E46 /* LaunchScreen.storyboard */,
				EAAA1F5529AD1F9B000EF8A6 /* PlaylistHeaderCollectionReusableView.swift */,
				EAAA1F5929AD3F1E000EF8A6 /* TitleHeaderCollectionReusableView.swift */,
				EAAA1F5B29AD483E000EF8A6 /* AlbumTrackCollectionViewCell.swift */,
				EAAA1F5F29AD5960000EF8A6 /* GenreCollectionViewCell.swift */,
				EA74129C29B0C3AE006FD26F /* PlayerControlsView.swift */,
				EAFBBD3829B24EFE00CA32FE /* LibraryToggleView.swift */,
				EAFBBD3C29B2799200CA32FE /* ActionLabelView.swift */,
			);
			path = Views;
			sourceTree = "<group>";
		};
		EA5D80C7299AB0EF003A3E46 /* Models */ = {
			isa = PBXGroup;
			children = (
				EA5D80E8299B8F92003A3E46 /* Playlist.swift */,
				EA5D80EA299B8FA7003A3E46 /* AudioTrack.swift */,
				EA5D80EC299B8FBE003A3E46 /* Artist.swift */,
				EAAA1F3429A8CD24000EF8A6 /* UserProfile.swift */,
				EAAA1F3229A7A03B000EF8A6 /* AuthResponse.swift */,
				EAAA1F3629AA1574000EF8A6 /* SettingsModels.swift */,
				EAAA1F3829AA6CA3000EF8A6 /* NewReleasesResponse.swift */,
				EAAA1F3A29AA6E76000EF8A6 /* APIImage.swift */,
				EAAA1F3C29AA72FA000EF8A6 /* FeaturedPlaylistsResponse.swift */,
				EAAA1F3E29AA8610000EF8A6 /* RecommendedGenresResponse.swift */,
				EAAA1F4029AA8B26000EF8A6 /* RecommendationsResponse.swift */,
				EAAA1F5129ACEF70000EF8A6 /* AlbumDetailsResponse.swift */,
				EAAA1F5329AD1428000EF8A6 /* PlaylistDetailsResponse.swift */,
				EAAA1F6129AD775E000EF8A6 /* AllCategoriesResponse.swift */,
				EA3B64F129AE4AA90017D031 /* SearchResultResponse.swift */,
				EA3B64F329AE4CCC0017D031 /* SearchResult.swift */,
				EAFBBD3A29B2776900CA32FE /* LibraryPlaylistsResponse.swift */,
				EAFBBD3E29B3D63300CA32FE /* LibraryAlbumsRepsonse.swift */,
			);
			path = Models;
			sourceTree = "<group>";
		};
		EA5D80C8299AB0FD003A3E46 /* ViewModels */ = {
			isa = PBXGroup;
			children = (
				EAAA1F4929AAAC28000EF8A6 /* NewReleasesCellViewModel.swift */,
				EAAA1F4B29AC1DBE000EF8A6 /* FeaturedPlaylistCellViewModel.swift */,
				EAAA1F4D29AC1E33000EF8A6 /* RecommendedTrackCellViewModel.swift */,
				EAAA1F5729AD23C7000EF8A6 /* PlaylistHeaderViewViewModel.swift */,
				EAAA1F5D29AD4A17000EF8A6 /* AlbumCollectionViewCellViewModel.swift */,
				EAAA1F6329AE07C3000EF8A6 /* CategoryCollectionViewCellViewModel.swift */,
				EAB7D7EE29AFAC120037E63F /* SearchResultDefaultTableViewCellViewModel.swift */,
				EA74129729AFF72C006FD26F /* SearchResultSubtitleTableViewCellViewModel.swift */,
			);
			path = ViewModels;
			sourceTree = "<group>";
		};
		EA5D80C9299AB10D003A3E46 /* Managers */ = {
			isa = PBXGroup;
			children = (
				EA5D80E2299B8F0A003A3E46 /* AuthManager.swift */,
				EA5D80E4299B8F22003A3E46 /* APICaller.swift */,
				EA5D80E6299B8F52003A3E46 /* HapticsManager.swift */,
			);
			path = Managers;
			sourceTree = "<group>";
		};
		EA5D80CA299AB125003A3E46 /* Resources */ = {
			isa = PBXGroup;
			children = (
				EA5D80B1299AB0A5003A3E46 /* AppDelegate.swift */,
				EA5D80B3299AB0A5003A3E46 /* SceneDelegate.swift */,
				EA5D80BA299AB0A7003A3E46 /* Assets.xcassets */,
				EA5D80EE299BAC97003A3E46 /* Extensions.swift */,
			);
			path = Resources;
			sourceTree = "<group>";
		};
		EA5D80D2299B8DF7003A3E46 /* Core */ = {
			isa = PBXGroup;
			children = (
				EA5D80CC299B8D83003A3E46 /* TabBarViewController.swift */,
				EA5D80B5299AB0A5003A3E46 /* HomeViewController.swift */,
				EA5D80CE299B8DC7003A3E46 /* SearchViewController.swift */,
				EA5D80D0299B8DE3003A3E46 /* LibraryViewController.swift */,
			);
			path = Core;
			sourceTree = "<group>";
		};
		EA5D80D3299B8E0D003A3E46 /* Other */ = {
			isa = PBXGroup;
			children = (
				EAFBBD3329B23C4D00CA32FE /* Library */,
				EA5D80D4299B8E34003A3E46 /* AuthViewController.swift */,
				EA5D80D6299B8E4F003A3E46 /* WelcomeViewController.swift */,
				EA5D80D8299B8E69003A3E46 /* SettingsViewController.swift */,
				EA5D80DA299B8E83003A3E46 /* ProfileViewController.swift */,
				EA5D80DC299B8E99003A3E46 /* PlayerViewController.swift */,
				EA5D80DE299B8EB6003A3E46 /* PlaylistViewController.swift */,
				EA5D80E0299B8ED9003A3E46 /* SearchResultsViewController.swift */,
				EAAA1F4F29ACE6E8000EF8A6 /* AlbumViewController.swift */,
				EAAA1F6529AE0A67000EF8A6 /* CategoryViewController.swift */,
			);
			path = Other;
			sourceTree = "<group>";
		};
		EA74129929B01E38006FD26F /* Presenter */ = {
			isa = PBXGroup;
			children = (
				EA74129A29B01E5D006FD26F /* PlaybackPresenter.swift */,
			);
			path = Presenter;
			sourceTree = "<group>";
		};
		EAAA1F4229AAA8DD000EF8A6 /* Browse */ = {
			isa = PBXGroup;
			children = (
				EAAA1F4329AAA90A000EF8A6 /* NewReleaseCollectionViewCell.swift */,
				EAAA1F4529AAA948000EF8A6 /* FeaturedPlaylistCollectionViewCell.swift */,
				EAAA1F4729AAA969000EF8A6 /* RecommendedTrackCollectionViewCell.swift */,
			);
			path = Browse;
			sourceTree = "<group>";
		};
		EAB7D7EB29AFA7BF0037E63F /* SearchResultsCells */ = {
			isa = PBXGroup;
			children = (
				EAB7D7EC29AFA8040037E63F /* SearchResultDefaultTableViewCell.swift */,
				EAB7D7F029AFB8DD0037E63F /* SearchResultSubtitleTableViewCell.swift */,
			);
			path = SearchResultsCells;
			sourceTree = "<group>";
		};
		EAFBBD3329B23C4D00CA32FE /* Library */ = {
			isa = PBXGroup;
			children = (
				EAFBBD3429B23C8400CA32FE /* LibraryPlaylistsViewController.swift */,
				EAFBBD3629B23CB900CA32FE /* LibraryAlbumsViewController.swift */,
			);
			path = Library;
			sourceTree = "<group>";
		};
/* End PBXGroup section */

/* Begin PBXNativeTarget section */
		EA5D80AD299AB0A5003A3E46 /* Spotify */ = {
			isa = PBXNativeTarget;
			buildConfigurationList = EA5D80C2299AB0A7003A3E46 /* Build configuration list for PBXNativeTarget "Spotify" */;
			buildPhases = (
				7CE1E728D4D770301F302F24 /* [CP] Check Pods Manifest.lock */,
				EA5D80AA299AB0A5003A3E46 /* Sources */,
				EA5D80AB299AB0A5003A3E46 /* Frameworks */,
				EA5D80AC299AB0A5003A3E46 /* Resources */,
				00BEE5B39265E07EC1B6A50F /* [CP] Embed Pods Frameworks */,
			);
			buildRules = (
			);
			dependencies = (
			);
			name = Spotify;
			productName = Spotify;
			productReference = EA5D80AE299AB0A5003A3E46 /* Spotify.app */;
			productType = "com.apple.product-type.application";
		};
/* End PBXNativeTarget section */

/* Begin PBXProject section */
		EA5D80A6299AB0A5003A3E46 /* Project object */ = {
			isa = PBXProject;
			attributes = {
				BuildIndependentTargetsInParallel = 1;
				LastSwiftUpdateCheck = 1400;
				LastUpgradeCheck = 1400;
				TargetAttributes = {
					EA5D80AD299AB0A5003A3E46 = {
						CreatedOnToolsVersion = 14.0.1;
					};
				};
			};
			buildConfigurationList = EA5D80A9299AB0A5003A3E46 /* Build configuration list for PBXProject "Spotify" */;
			compatibilityVersion = "Xcode 14.0";
			developmentRegion = en;
			hasScannedForEncodings = 0;
			knownRegions = (
				en,
				Base,
			);
			mainGroup = EA5D80A5299AB0A5003A3E46;
			productRefGroup = EA5D80AF299AB0A5003A3E46 /* Products */;
			projectDirPath = "";
			projectRoot = "";
			targets = (
				EA5D80AD299AB0A5003A3E46 /* Spotify */,
			);
		};
/* End PBXProject section */

/* Begin PBXResourcesBuildPhase section */
		EA5D80AC299AB0A5003A3E46 /* Resources */ = {
			isa = PBXResourcesBuildPhase;
			buildActionMask = 2147483647;
			files = (
				EA5D80BE299AB0A7003A3E46 /* LaunchScreen.storyboard in Resources */,
				EA5D80BB299AB0A7003A3E46 /* Assets.xcassets in Resources */,
			);
			runOnlyForDeploymentPostprocessing = 0;
		};
/* End PBXResourcesBuildPhase section */

/* Begin PBXShellScriptBuildPhase section */
		00BEE5B39265E07EC1B6A50F /* [CP] Embed Pods Frameworks */ = {
			isa = PBXShellScriptBuildPhase;
			buildActionMask = 2147483647;
			files = (
			);
			inputFileListPaths = (
				"${PODS_ROOT}/Target Support Files/Pods-Spotify/Pods-Spotify-frameworks-${CONFIGURATION}-input-files.xcfilelist",
			);
			name = "[CP] Embed Pods Frameworks";
			outputFileListPaths = (
				"${PODS_ROOT}/Target Support Files/Pods-Spotify/Pods-Spotify-frameworks-${CONFIGURATION}-output-files.xcfilelist",
			);
			runOnlyForDeploymentPostprocessing = 0;
			shellPath = /bin/sh;
			shellScript = "\"${PODS_ROOT}/Target Support Files/Pods-Spotify/Pods-Spotify-frameworks.sh\"\n";
			showEnvVarsInLog = 0;
		};
		7CE1E728D4D770301F302F24 /* [CP] Check Pods Manifest.lock */ = {
			isa = PBXShellScriptBuildPhase;
			buildActionMask = 2147483647;
			files = (
			);
			inputFileListPaths = (
			);
			inputPaths = (
				"${PODS_PODFILE_DIR_PATH}/Podfile.lock",
				"${PODS_ROOT}/Manifest.lock",
			);
			name = "[CP] Check Pods Manifest.lock";
			outputFileListPaths = (
			);
			outputPaths = (
				"$(DERIVED_FILE_DIR)/Pods-Spotify-checkManifestLockResult.txt",
			);
			runOnlyForDeploymentPostprocessing = 0;
			shellPath = /bin/sh;
			shellScript = "diff \"${PODS_PODFILE_DIR_PATH}/Podfile.lock\" \"${PODS_ROOT}/Manifest.lock\" > /dev/null\nif [ $? != 0 ] ; then\n    # print error to STDERR\n    echo \"error: The sandbox is not in sync with the Podfile.lock. Run 'pod install' or update your CocoaPods installation.\" >&2\n    exit 1\nfi\n# This output is used by Xcode 'outputs' to avoid re-running this script phase.\necho \"SUCCESS\" > \"${SCRIPT_OUTPUT_FILE_0}\"\n";
			showEnvVarsInLog = 0;
		};
/* End PBXShellScriptBuildPhase section */

/* Begin PBXSourcesBuildPhase section */
		EA5D80AA299AB0A5003A3E46 /* Sources */ = {
			isa = PBXSourcesBuildPhase;
			buildActionMask = 2147483647;
			files = (
				EA5D80CF299B8DC7003A3E46 /* SearchViewController.swift in Sources */,
				EAAA1F5429AD1428000EF8A6 /* PlaylistDetailsResponse.swift in Sources */,
				EAFBBD3F29B3D63300CA32FE /* LibraryAlbumsRepsonse.swift in Sources */,
				EA5D80E9299B8F92003A3E46 /* Playlist.swift in Sources */,
				EA5D80E3299B8F0A003A3E46 /* AuthManager.swift in Sources */,
				EAFBBD3929B24EFE00CA32FE /* LibraryToggleView.swift in Sources */,
				EAAA1F4A29AAAC28000EF8A6 /* NewReleasesCellViewModel.swift in Sources */,
				EAAA1F5E29AD4A17000EF8A6 /* AlbumCollectionViewCellViewModel.swift in Sources */,
				EAAA1F4E29AC1E33000EF8A6 /* RecommendedTrackCellViewModel.swift in Sources */,
				EAFBBD3D29B2799200CA32FE /* ActionLabelView.swift in Sources */,
				EA5D80E1299B8ED9003A3E46 /* SearchResultsViewController.swift in Sources */,
				EAAA1F6629AE0A67000EF8A6 /* CategoryViewController.swift in Sources */,
				EAAA1F6229AD775E000EF8A6 /* AllCategoriesResponse.swift in Sources */,
				EAAA1F5A29AD3F1E000EF8A6 /* TitleHeaderCollectionReusableView.swift in Sources */,
				EAAA1F5029ACE6E8000EF8A6 /* AlbumViewController.swift in Sources */,
				EA3B64F229AE4AA90017D031 /* SearchResultResponse.swift in Sources */,
				EAAA1F5829AD23C7000EF8A6 /* PlaylistHeaderViewViewModel.swift in Sources */,
				EAAA1F4C29AC1DBE000EF8A6 /* FeaturedPlaylistCellViewModel.swift in Sources */,
				EA74129829AFF72C006FD26F /* SearchResultSubtitleTableViewCellViewModel.swift in Sources */,
				EAAA1F3329A7A03B000EF8A6 /* AuthResponse.swift in Sources */,
				EA5D80D7299B8E4F003A3E46 /* WelcomeViewController.swift in Sources */,
				EA5D80E5299B8F22003A3E46 /* APICaller.swift in Sources */,
				EAB7D7ED29AFA8040037E63F /* SearchResultDefaultTableViewCell.swift in Sources */,
				EA5D80DB299B8E83003A3E46 /* ProfileViewController.swift in Sources */,
				EAAA1F4829AAA969000EF8A6 /* RecommendedTrackCollectionViewCell.swift in Sources */,
				EA5D80E7299B8F52003A3E46 /* HapticsManager.swift in Sources */,
				EA74129D29B0C3AE006FD26F /* PlayerControlsView.swift in Sources */,
				EAAA1F6029AD5960000EF8A6 /* GenreCollectionViewCell.swift in Sources */,
				EAAA1F3929AA6CA3000EF8A6 /* NewReleasesResponse.swift in Sources */,
				EAB7D7F129AFB8DD0037E63F /* SearchResultSubtitleTableViewCell.swift in Sources */,
				EAAA1F3B29AA6E76000EF8A6 /* APIImage.swift in Sources */,
				EAFBBD3729B23CB900CA32FE /* LibraryAlbumsViewController.swift in Sources */,
				EAFBBD3B29B2776900CA32FE /* LibraryPlaylistsResponse.swift in Sources */,
				EAAA1F5C29AD483E000EF8A6 /* AlbumTrackCollectionViewCell.swift in Sources */,
				EAAA1F4129AA8B26000EF8A6 /* RecommendationsResponse.swift in Sources */,
				EA5D80EB299B8FA7003A3E46 /* AudioTrack.swift in Sources */,
				EA5D80CD299B8D83003A3E46 /* TabBarViewController.swift in Sources */,
				EAB7D7EF29AFAC120037E63F /* SearchResultDefaultTableViewCellViewModel.swift in Sources */,
				EAAA1F4429AAA90A000EF8A6 /* NewReleaseCollectionViewCell.swift in Sources */,
				EA5D80B6299AB0A5003A3E46 /* HomeViewController.swift in Sources */,
				EAAA1F4629AAA948000EF8A6 /* FeaturedPlaylistCollectionViewCell.swift in Sources */,
				EA5D80D5299B8E34003A3E46 /* AuthViewController.swift in Sources */,
				EA5D80B2299AB0A5003A3E46 /* AppDelegate.swift in Sources */,
				EA5D80ED299B8FBE003A3E46 /* Artist.swift in Sources */,
				EA3B64F429AE4CCC0017D031 /* SearchResult.swift in Sources */,
				EAAA1F5629AD1F9B000EF8A6 /* PlaylistHeaderCollectionReusableView.swift in Sources */,
				EA74129B29B01E5D006FD26F /* PlaybackPresenter.swift in Sources */,
				EA5D80D1299B8DE3003A3E46 /* LibraryViewController.swift in Sources */,
				EAAA1F3529A8CD24000EF8A6 /* UserProfile.swift in Sources */,
				EAAA1F3729AA1574000EF8A6 /* SettingsModels.swift in Sources */,
				EA5D80EF299BAC97003A3E46 /* Extensions.swift in Sources */,
				EA5D80DF299B8EB6003A3E46 /* PlaylistViewController.swift in Sources */,
				EAFBBD3529B23C8400CA32FE /* LibraryPlaylistsViewController.swift in Sources */,
				EA5D80B4299AB0A5003A3E46 /* SceneDelegate.swift in Sources */,
				EAAA1F5229ACEF70000EF8A6 /* AlbumDetailsResponse.swift in Sources */,
				EA5D80DD299B8E99003A3E46 /* PlayerViewController.swift in Sources */,
				EAAA1F3D29AA72FA000EF8A6 /* FeaturedPlaylistsResponse.swift in Sources */,
				EA5D80D9299B8E69003A3E46 /* SettingsViewController.swift in Sources */,
				EAAA1F6429AE07C3000EF8A6 /* CategoryCollectionViewCellViewModel.swift in Sources */,
				EAAA1F3F29AA8610000EF8A6 /* RecommendedGenresResponse.swift in Sources */,
			);
			runOnlyForDeploymentPostprocessing = 0;
		};
/* End PBXSourcesBuildPhase section */

/* Begin PBXVariantGroup section */
		EA5D80BC299AB0A7003A3E46 /* LaunchScreen.storyboard */ = {
			isa = PBXVariantGroup;
			children = (
				EA5D80BD299AB0A7003A3E46 /* Base */,
			);
			name = LaunchScreen.storyboard;
			sourceTree = "<group>";
		};
/* End PBXVariantGroup section */

/* Begin XCBuildConfiguration section */
		EA5D80C0299AB0A7003A3E46 /* Debug */ = {
			isa = XCBuildConfiguration;
			buildSettings = {
				ALWAYS_SEARCH_USER_PATHS = NO;
				CLANG_ANALYZER_NONNULL = YES;
				CLANG_ANALYZER_NUMBER_OBJECT_CONVERSION = YES_AGGRESSIVE;
				CLANG_CXX_LANGUAGE_STANDARD = "gnu++20";
				CLANG_ENABLE_MODULES = YES;
				CLANG_ENABLE_OBJC_ARC = YES;
				CLANG_ENABLE_OBJC_WEAK = YES;
				CLANG_WARN_BLOCK_CAPTURE_AUTORELEASING = YES;
				CLANG_WARN_BOOL_CONVERSION = YES;
				CLANG_WARN_COMMA = YES;
				CLANG_WARN_CONSTANT_CONVERSION = YES;
				CLANG_WARN_DEPRECATED_OBJC_IMPLEMENTATIONS = YES;
				CLANG_WARN_DIRECT_OBJC_ISA_USAGE = YES_ERROR;
				CLANG_WARN_DOCUMENTATION_COMMENTS = YES;
				CLANG_WARN_EMPTY_BODY = YES;
				CLANG_WARN_ENUM_CONVERSION = YES;
				CLANG_WARN_INFINITE_RECURSION = YES;
				CLANG_WARN_INT_CONVERSION = YES;
				CLANG_WARN_NON_LITERAL_NULL_CONVERSION = YES;
				CLANG_WARN_OBJC_IMPLICIT_RETAIN_SELF = YES;
				CLANG_WARN_OBJC_LITERAL_CONVERSION = YES;
				CLANG_WARN_OBJC_ROOT_CLASS = YES_ERROR;
				CLANG_WARN_QUOTED_INCLUDE_IN_FRAMEWORK_HEADER = YES;
				CLANG_WARN_RANGE_LOOP_ANALYSIS = YES;
				CLANG_WARN_STRICT_PROTOTYPES = YES;
				CLANG_WARN_SUSPICIOUS_MOVE = YES;
				CLANG_WARN_UNGUARDED_AVAILABILITY = YES_AGGRESSIVE;
				CLANG_WARN_UNREACHABLE_CODE = YES;
				CLANG_WARN__DUPLICATE_METHOD_MATCH = YES;
				COPY_PHASE_STRIP = NO;
				DEBUG_INFORMATION_FORMAT = dwarf;
				ENABLE_STRICT_OBJC_MSGSEND = YES;
				ENABLE_TESTABILITY = YES;
				GCC_C_LANGUAGE_STANDARD = gnu11;
				GCC_DYNAMIC_NO_PIC = NO;
				GCC_NO_COMMON_BLOCKS = YES;
				GCC_OPTIMIZATION_LEVEL = 0;
				GCC_PREPROCESSOR_DEFINITIONS = (
					"DEBUG=1",
					"$(inherited)",
				);
				GCC_WARN_64_TO_32_BIT_CONVERSION = YES;
				GCC_WARN_ABOUT_RETURN_TYPE = YES_ERROR;
				GCC_WARN_UNDECLARED_SELECTOR = YES;
				GCC_WARN_UNINITIALIZED_AUTOS = YES_AGGRESSIVE;
				GCC_WARN_UNUSED_FUNCTION = YES;
				GCC_WARN_UNUSED_VARIABLE = YES;
				IPHONEOS_DEPLOYMENT_TARGET = 16.0;
				MTL_ENABLE_DEBUG_INFO = INCLUDE_SOURCE;
				MTL_FAST_MATH = YES;
				ONLY_ACTIVE_ARCH = YES;
				SDKROOT = iphoneos;
				SWIFT_ACTIVE_COMPILATION_CONDITIONS = DEBUG;
				SWIFT_OPTIMIZATION_LEVEL = "-Onone";
			};
			name = Debug;
		};
		EA5D80C1299AB0A7003A3E46 /* Release */ = {
			isa = XCBuildConfiguration;
			buildSettings = {
				ALWAYS_SEARCH_USER_PATHS = NO;
				CLANG_ANALYZER_NONNULL = YES;
				CLANG_ANALYZER_NUMBER_OBJECT_CONVERSION = YES_AGGRESSIVE;
				CLANG_CXX_LANGUAGE_STANDARD = "gnu++20";
				CLANG_ENABLE_MODULES = YES;
				CLANG_ENABLE_OBJC_ARC = YES;
				CLANG_ENABLE_OBJC_WEAK = YES;
				CLANG_WARN_BLOCK_CAPTURE_AUTORELEASING = YES;
				CLANG_WARN_BOOL_CONVERSION = YES;
				CLANG_WARN_COMMA = YES;
				CLANG_WARN_CONSTANT_CONVERSION = YES;
				CLANG_WARN_DEPRECATED_OBJC_IMPLEMENTATIONS = YES;
				CLANG_WARN_DIRECT_OBJC_ISA_USAGE = YES_ERROR;
				CLANG_WARN_DOCUMENTATION_COMMENTS = YES;
				CLANG_WARN_EMPTY_BODY = YES;
				CLANG_WARN_ENUM_CONVERSION = YES;
				CLANG_WARN_INFINITE_RECURSION = YES;
				CLANG_WARN_INT_CONVERSION = YES;
				CLANG_WARN_NON_LITERAL_NULL_CONVERSION = YES;
				CLANG_WARN_OBJC_IMPLICIT_RETAIN_SELF = YES;
				CLANG_WARN_OBJC_LITERAL_CONVERSION = YES;
				CLANG_WARN_OBJC_ROOT_CLASS = YES_ERROR;
				CLANG_WARN_QUOTED_INCLUDE_IN_FRAMEWORK_HEADER = YES;
				CLANG_WARN_RANGE_LOOP_ANALYSIS = YES;
				CLANG_WARN_STRICT_PROTOTYPES = YES;
				CLANG_WARN_SUSPICIOUS_MOVE = YES;
				CLANG_WARN_UNGUARDED_AVAILABILITY = YES_AGGRESSIVE;
				CLANG_WARN_UNREACHABLE_CODE = YES;
				CLANG_WARN__DUPLICATE_METHOD_MATCH = YES;
				COPY_PHASE_STRIP = NO;
				DEBUG_INFORMATION_FORMAT = "dwarf-with-dsym";
				ENABLE_NS_ASSERTIONS = NO;
				ENABLE_STRICT_OBJC_MSGSEND = YES;
				GCC_C_LANGUAGE_STANDARD = gnu11;
				GCC_NO_COMMON_BLOCKS = YES;
				GCC_WARN_64_TO_32_BIT_CONVERSION = YES;
				GCC_WARN_ABOUT_RETURN_TYPE = YES_ERROR;
				GCC_WARN_UNDECLARED_SELECTOR = YES;
				GCC_WARN_UNINITIALIZED_AUTOS = YES_AGGRESSIVE;
				GCC_WARN_UNUSED_FUNCTION = YES;
				GCC_WARN_UNUSED_VARIABLE = YES;
				IPHONEOS_DEPLOYMENT_TARGET = 16.0;
				MTL_ENABLE_DEBUG_INFO = NO;
				MTL_FAST_MATH = YES;
				SDKROOT = iphoneos;
				SWIFT_COMPILATION_MODE = wholemodule;
				SWIFT_OPTIMIZATION_LEVEL = "-O";
				VALIDATE_PRODUCT = YES;
			};
			name = Release;
		};
		EA5D80C3299AB0A7003A3E46 /* Debug */ = {
			isa = XCBuildConfiguration;
			baseConfigurationReference = 8508998D9DB25B2B1322C064 /* Pods-Spotify.debug.xcconfig */;
			buildSettings = {
				ASSETCATALOG_COMPILER_APPICON_NAME = AppIcon;
				ASSETCATALOG_COMPILER_GLOBAL_ACCENT_COLOR_NAME = AccentColor;
				CODE_SIGN_STYLE = Automatic;
				CURRENT_PROJECT_VERSION = 1;
				GENERATE_INFOPLIST_FILE = YES;
				INFOPLIST_FILE = Spotify/Info.plist;
				INFOPLIST_KEY_UIApplicationSupportsIndirectInputEvents = YES;
				INFOPLIST_KEY_UILaunchStoryboardName = LaunchScreen;
				INFOPLIST_KEY_UISupportedInterfaceOrientations_iPad = "UIInterfaceOrientationPortrait UIInterfaceOrientationPortraitUpsideDown UIInterfaceOrientationLandscapeLeft UIInterfaceOrientationLandscapeRight";
				INFOPLIST_KEY_UISupportedInterfaceOrientations_iPhone = "UIInterfaceOrientationPortrait UIInterfaceOrientationLandscapeLeft UIInterfaceOrientationLandscapeRight";
				LD_RUNPATH_SEARCH_PATHS = (
					"$(inherited)",
					"@executable_path/Frameworks",
				);
				MARKETING_VERSION = 1.0;
				PRODUCT_BUNDLE_IDENTIFIER = ceviz.Spotify;
				PRODUCT_NAME = "$(TARGET_NAME)";
				SWIFT_EMIT_LOC_STRINGS = YES;
				SWIFT_VERSION = 5.0;
				TARGETED_DEVICE_FAMILY = "1,2";
			};
			name = Debug;
		};
		EA5D80C4299AB0A7003A3E46 /* Release */ = {
			isa = XCBuildConfiguration;
			baseConfigurationReference = 2B51339E1944A7699DDC590E /* Pods-Spotify.release.xcconfig */;
			buildSettings = {
				ASSETCATALOG_COMPILER_APPICON_NAME = AppIcon;
				ASSETCATALOG_COMPILER_GLOBAL_ACCENT_COLOR_NAME = AccentColor;
				CODE_SIGN_STYLE = Automatic;
				CURRENT_PROJECT_VERSION = 1;
				GENERATE_INFOPLIST_FILE = YES;
				INFOPLIST_FILE = Spotify/Info.plist;
				INFOPLIST_KEY_UIApplicationSupportsIndirectInputEvents = YES;
				INFOPLIST_KEY_UILaunchStoryboardName = LaunchScreen;
				INFOPLIST_KEY_UISupportedInterfaceOrientations_iPad = "UIInterfaceOrientationPortrait UIInterfaceOrientationPortraitUpsideDown UIInterfaceOrientationLandscapeLeft UIInterfaceOrientationLandscapeRight";
				INFOPLIST_KEY_UISupportedInterfaceOrientations_iPhone = "UIInterfaceOrientationPortrait UIInterfaceOrientationLandscapeLeft UIInterfaceOrientationLandscapeRight";
				LD_RUNPATH_SEARCH_PATHS = (
					"$(inherited)",
					"@executable_path/Frameworks",
				);
				MARKETING_VERSION = 1.0;
				PRODUCT_BUNDLE_IDENTIFIER = ceviz.Spotify;
				PRODUCT_NAME = "$(TARGET_NAME)";
				SWIFT_EMIT_LOC_STRINGS = YES;
				SWIFT_VERSION = 5.0;
				TARGETED_DEVICE_FAMILY = "1,2";
			};
			name = Release;
		};
/* End XCBuildConfiguration section */

/* Begin XCConfigurationList section */
		EA5D80A9299AB0A5003A3E46 /* Build configuration list for PBXProject "Spotify" */ = {
			isa = XCConfigurationList;
			buildConfigurations = (
				EA5D80C0299AB0A7003A3E46 /* Debug */,
				EA5D80C1299AB0A7003A3E46 /* Release */,
			);
			defaultConfigurationIsVisible = 0;
			defaultConfigurationName = Release;
		};
		EA5D80C2299AB0A7003A3E46 /* Build configuration list for PBXNativeTarget "Spotify" */ = {
			isa = XCConfigurationList;
			buildConfigurations = (
				EA5D80C3299AB0A7003A3E46 /* Debug */,
				EA5D80C4299AB0A7003A3E46 /* Release */,
			);
			defaultConfigurationIsVisible = 0;
			defaultConfigurationName = Release;
		};
/* End XCConfigurationList section */
	};
	rootObject = EA5D80A6299AB0A5003A3E46 /* Project object */;
}
